
Microsoft Visual Studio Solution File, Format Version 12.00
# Visual Studio Version 16
VisualStudioVersion = 16.0.31005.135
MinimumVisualStudioVersion = 10.0.40219.1
Project("{9A19103F-16F7-4668-BE54-9A1E7A4F7556}") = "MyDictionary", "MyDictionary.csproj", "{93205675-8529-44D8-8E0D-DD298D3AE764}"
EndProject
Global
	GlobalSection(SolutionConfigurationPlatforms) = preSolution
		Debug|Any CPU = Debug|Any CPU
		Release|Any CPU = Release|Any CPU
	EndGlobalSection
	GlobalSection(ProjectConfigurationPlatforms) = postSolution
		{93205675-8529-44D8-8E0D-DD298D3AE764}.Debug|Any CPU.ActiveCfg = Debug|Any CPU
		{93205675-8529-44D8-8E0D-DD298D3AE764}.Debug|Any CPU.Build.0 = Debug|Any CPU
		{93205675-8529-44D8-8E0D-DD298D3AE764}.Release|Any CPU.ActiveCfg = Release|Any CPU
		{93205675-8529-44D8-8E0D-DD298D3AE764}.Release|Any CPU.Build.0 = Release|Any CPU
	EndGlobalSection
	GlobalSection(SolutionProperties) = preSolution
		HideSolutionNode = FALSE
	EndGlobalSection
	GlobalSection(ExtensibilityGlobals) = postSolution
		SolutionGuid = {38EF5323-25B1-480C-84B3-ED0C7EDA2267}
	EndGlobalSection
EndGlobal
